// !$*UTF8*$!
{
	archiveVersion = 1;
	classes = {
	};
	objectVersion = 46;
	objects = {

/* Begin PBXBuildFile section */
		5E16AC2C1E4CA94200036E87 /* main.m in Sources */ = {isa = PBXBuildFile; fileRef = 5E16AC2B1E4CA94200036E87 /* main.m */; };
		5E16AC2F1E4CA94200036E87 /* AppDelegate.m in Sources */ = {isa = PBXBuildFile; fileRef = 5E16AC2E1E4CA94200036E87 /* AppDelegate.m */; };
		5E16AC321E4CA94200036E87 /* ViewController.m in Sources */ = {isa = PBXBuildFile; fileRef = 5E16AC311E4CA94200036E87 /* ViewController.m */; };
		5E16AC351E4CA94200036E87 /* Main.storyboard in Resources */ = {isa = PBXBuildFile; fileRef = 5E16AC331E4CA94200036E87 /* Main.storyboard */; };
		5E16AC371E4CA94200036E87 /* Assets.xcassets in Resources */ = {isa = PBXBuildFile; fileRef = 5E16AC361E4CA94200036E87 /* Assets.xcassets */; };
		5E16AC3A1E4CA94200036E87 /* LaunchScreen.storyboard in Resources */ = {isa = PBXBuildFile; fileRef = 5E16AC381E4CA94200036E87 /* LaunchScreen.storyboard */; };
/* End PBXBuildFile section */

/* Begin PBXFileReference section */
		5E16AC271E4CA94200036E87 /* OMDbAPI-ObjC.app */ = {isa = PBXFileReference; explicitFileType = wrapper.application; includeInIndex = 0; path = "OMDbAPI-ObjC.app"; sourceTree = BUILT_PRODUCTS_DIR; };
		5E16AC2B1E4CA94200036E87 /* main.m */ = {isa = PBXFileReference; lastKnownFileType = sourcecode.c.objc; path = main.m; sourceTree = "<group>"; };
		5E16AC2D1E4CA94200036E87 /* AppDelegate.h */ = {isa = PBXFileReference; lastKnownFileType = sourcecode.c.h; path = AppDelegate.h; sourceTree = "<group>"; };
		5E16AC2E1E4CA94200036E87 /* AppDelegate.m */ = {isa = PBXFileReference; lastKnownFileType = sourcecode.c.objc; path = AppDelegate.m; sourceTree = "<group>"; };
		5E16AC301E4CA94200036E87 /* ViewController.h */ = {isa = PBXFileReference; lastKnownFileType = sourcecode.c.h; path = ViewController.h; sourceTree = "<group>"; };
		5E16AC311E4CA94200036E87 /* ViewController.m */ = {isa = PBXFileReference; lastKnownFileType = sourcecode.c.objc; path = ViewController.m; sourceTree = "<group>"; };
		5E16AC341E4CA94200036E87 /* Base */ = {isa = PBXFileReference; lastKnownFileType = file.storyboard; name = Base; path = Base.lproj/Main.storyboard; sourceTree = "<group>"; };
		5E16AC361E4CA94200036E87 /* Assets.xcassets */ = {isa = PBXFileReference; lastKnownFileType = folder.assetcatalog; path = Assets.xcassets; sourceTree = "<group>"; };
		5E16AC391E4CA94200036E87 /* Base */ = {isa = PBXFileReference; lastKnownFileType = file.storyboard; name = Base; path = Base.lproj/LaunchScreen.storyboard; sourceTree = "<group>"; };
		5E16AC3B1E4CA94200036E87 /* Info.plist */ = {isa = PBXFileReference; lastKnownFileType = text.plist.xml; path = Info.plist; sourceTree = "<group>"; };
/* End PBXFileReference section */

/* Begin PBXFrameworksBuildPhase section */
		5E16AC241E4CA94200036E87 /* Frameworks */ = {
			isa = PBXFrameworksBuildPhase;
			buildActionMask = 2147483647;
			files = (
			);
			runOnlyForDeploymentPostprocessing = 0;
		};
/* End PBXFrameworksBuildPhase section */

/* Begin PBXGroup section */
		5E16AC1E1E4CA94200036E87 = {
			isa = PBXGroup;
			children = (
				5E16AC291E4CA94200036E87 /* OMDbAPI-ObjC */,
				5E16AC281E4CA94200036E87 /* Products */,
			);
			sourceTree = "<group>";
		};
		5E16AC281E4CA94200036E87 /* Products */ = {
			isa = PBXGroup;
			children = (
				5E16AC271E4CA94200036E87 /* OMDbAPI-ObjC.app */,
			);
			name = Products;
			sourceTree = "<group>";
		};
		5E16AC291E4CA94200036E87 /* OMDbAPI-ObjC */ = {
			isa = PBXGroup;
			children = (
				5E16AC2D1E4CA94200036E87 /* AppDelegate.h */,
				5E16AC2E1E4CA94200036E87 /* AppDelegate.m */,
				5E16AC301E4CA94200036E87 /* ViewController.h */,
				5E16AC311E4CA94200036E87 /* ViewController.m */,
				5E16AC331E4CA94200036E87 /* Main.storyboard */,
				5E16AC361E4CA94200036E87 /* Assets.xcassets */,
				5E16AC381E4CA94200036E87 /* LaunchScreen.storyboard */,
				5E16AC3B1E4CA94200036E87 /* Info.plist */,
				5E16AC2A1E4CA94200036E87 /* Supporting Files */,
			);
			path = "OMDbAPI-ObjC";
			sourceTree = "<group>";
		};
		5E16AC2A1E4CA94200036E87 /* Supporting Files */ = {
			isa = PBXGroup;
			children = (
				5E16AC2B1E4CA94200036E87 /* main.m */,
			);
			name = "Supporting Files";
			sourceTree = "<group>";
		};
/* End PBXGroup section */

/* Begin PBXNativeTarget section */
		5E16AC261E4CA94200036E87 /* OMDbAPI-ObjC */ = {
			isa = PBXNativeTarget;
			buildConfigurationList = 5E16AC3E1E4CA94200036E87 /* Build configuration list for PBXNativeTarget "OMDbAPI-ObjC" */;
			buildPhases = (
				5E16AC231E4CA94200036E87 /* Sources */,
				5E16AC241E4CA94200036E87 /* Frameworks */,
				5E16AC251E4CA94200036E87 /* Resources */,
			);
			buildRules = (
			);
			dependencies = (
			);
			name = "OMDbAPI-ObjC";
			productName = "OMDbAPI-ObjC";
			productReference = 5E16AC271E4CA94200036E87 /* OMDbAPI-ObjC.app */;
			productType = "com.apple.product-type.application";
		};
/* End PBXNativeTarget section */

/* Begin PBXProject section */
		5E16AC1F1E4CA94200036E87 /* Project object */ = {
			isa = PBXProject;
			attributes = {
				LastUpgradeCheck = 0820;
				ORGANIZATIONNAME = MatheusFusco;
				TargetAttributes = {
					5E16AC261E4CA94200036E87 = {
						CreatedOnToolsVersion = 8.2.1;
						DevelopmentTeam = D67XBEEN3L;
						ProvisioningStyle = Automatic;
					};
				};
			};
			buildConfigurationList = 5E16AC221E4CA94200036E87 /* Build configuration list for PBXProject "OMDbAPI-ObjC" */;
			compatibilityVersion = "Xcode 3.2";
			developmentRegion = English;
			hasScannedForEncodings = 0;
			knownRegions = (
				en,
				Base,
			);
			mainGroup = 5E16AC1E1E4CA94200036E87;
			productRefGroup = 5E16AC281E4CA94200036E87 /* Products */;
			projectDirPath = "";
			projectRoot = "";
			targets = (
				5E16AC261E4CA94200036E87 /* OMDbAPI-ObjC */,
			);
		};
/* End PBXProject section */

/* Begin PBXResourcesBuildPhase section */
		5E16AC251E4CA94200036E87 /* Resources */ = {
			isa = PBXResourcesBuildPhase;
			buildActionMask = 2147483647;
			files = (
				5E16AC3A1E4CA94200036E87 /* LaunchScreen.storyboard in Resources */,
				5E16AC371E4CA94200036E87 /* Assets.xcassets in Resources */,
				5E16AC351E4CA94200036E87 /* Main.storyboard in Resources */,
			);
			runOnlyForDeploymentPostprocessing = 0;
		};
/* End PBXResourcesBuildPhase section */

/* Begin PBXSourcesBuildPhase section */
		5E16AC231E4CA94200036E87 /* Sources */ = {
			isa = PBXSourcesBuildPhase;
			buildActionMask = 2147483647;
			files = (
				5E16AC321E4CA94200036E87 /* ViewController.m in Sources */,
				5E16AC2F1E4CA94200036E87 /* AppDelegate.m in Sources */,
				5E16AC2C1E4CA94200036E87 /* main.m in Sources */,
			);
			runOnlyForDeploymentPostprocessing = 0;
		};
/* End PBXSourcesBuildPhase section */

/* Begin PBXVariantGroup section */
		5E16AC331E4CA94200036E87 /* Main.storyboard */ = {
			isa = PBXVariantGroup;
			children = (
				5E16AC341E4CA94200036E87 /* Base */,
			);
			name = Main.storyboard;
			sourceTree = "<group>";
		};
		5E16AC381E4CA94200036E87 /* LaunchScreen.storyboard */ = {
			isa = PBXVariantGroup;
			children = (
				5E16AC391E4CA94200036E87 /* Base */,
			);
			name = LaunchScreen.storyboard;
			sourceTree = "<group>";
		};
/* End PBXVariantGroup section */

/* Begin XCBuildConfiguration section */
		5E16AC3C1E4CA94200036E87 /* Debug */ = {
			isa = XCBuildConfiguration;
			buildSettings = {
				ALWAYS_SEARCH_USER_PATHS = NO;
				CLANG_ANALYZER_NONNULL = YES;
				CLANG_CXX_LANGUAGE_STANDARD = "gnu++0x";
				CLANG_CXX_LIBRARY = "libc++";
				CLANG_ENABLE_MODULES = YES;
				CLANG_ENABLE_OBJC_ARC = YES;
				CLANG_WARN_BOOL_CONVERSION = YES;
				CLANG_WARN_CONSTANT_CONVERSION = YES;
				CLANG_WARN_DIRECT_OBJC_ISA_USAGE = YES_ERROR;
				CLANG_WARN_DOCUMENTATION_COMMENTS = YES;
				CLANG_WARN_EMPTY_BODY = YES;
				CLANG_WARN_ENUM_CONVERSION = YES;
				CLANG_WARN_INFINITE_RECURSION = YES;
				CLANG_WARN_INT_CONVERSION = YES;
				CLANG_WARN_OBJC_ROOT_CLASS = YES_ERROR;
				CLANG_WARN_SUSPICIOUS_MOVE = YES;
				CLANG_WARN_UNREACHABLE_CODE = YES;
				CLANG_WARN__DUPLICATE_METHOD_MATCH = YES;
				"CODE_SIGN_IDENTITY[sdk=iphoneos*]" = "iPhone Developer";
				COPY_PHASE_STRIP = NO;
				DEBUG_INFORMATION_FORMAT = dwarf;
				ENABLE_STRICT_OBJC_MSGSEND = YES;
				ENABLE_TESTABILITY = YES;
				GCC_C_LANGUAGE_STANDARD = gnu99;
				GCC_DYNAMIC_NO_PIC = NO;
				GCC_NO_COMMON_BLOCKS = YES;
				GCC_OPTIMIZATION_LEVEL = 0;
				GCC_PREPROCESSOR_DEFINITIONS = (
					"DEBUG=1",
					"$(inherited)",
				);
				GCC_WARN_64_TO_32_BIT_CONVERSION = YES;
				GCC_WARN_ABOUT_RETURN_TYPE = YES_ERROR;
				GCC_WARN_UNDECLARED_SELECTOR = YES;
				GCC_WARN_UNINITIALIZED_AUTOS = YES_AGGRESSIVE;
				GCC_WARN_UNUSED_FUNCTION = YES;
				GCC_WARN_UNUSED_VARIABLE = YES;
				IPHONEOS_DEPLOYMENT_TARGET = 10.2;
				MTL_ENABLE_DEBUG_INFO = YES;
				ONLY_ACTIVE_ARCH = YES;
				SDKROOT = iphoneos;
			};
			name = Debug;
		};
		5E16AC3D1E4CA94200036E87 /* Release */ = {
			isa = XCBuildConfiguration;
			buildSettings = {
				ALWAYS_SEARCH_USER_PATHS = NO;
				CLANG_ANALYZER_NONNULL = YES;
				CLANG_CXX_LANGUAGE_STANDARD = "gnu++0x";
				CLANG_CXX_LIBRARY = "libc++";
				CLANG_ENABLE_MODULES = YES;
				CLANG_ENABLE_OBJC_ARC = YES;
				CLANG_WARN_BOOL_CONVERSION = YES;
				CLANG_WARN_CONSTANT_CONVERSION = YES;
				CLANG_WARN_DIRECT_OBJC_ISA_USAGE = YES_ERROR;
				CLANG_WARN_DOCUMENTATION_COMMENTS = YES;
				CLANG_WARN_EMPTY_BODY = YES;
				CLANG_WARN_ENUM_CONVERSION = YES;
				CLANG_WARN_INFINITE_RECURSION = YES;
				CLANG_WARN_INT_CONVERSION = YES;
				CLANG_WARN_OBJC_ROOT_CLASS = YES_ERROR;
				CLANG_WARN_SUSPICIOUS_MOVE = YES;
				CLANG_WARN_UNREACHABLE_CODE = YES;
				CLANG_WARN__DUPLICATE_METHOD_MATCH = YES;
				"CODE_SIGN_IDENTITY[sdk=iphoneos*]" = "iPhone Developer";
				COPY_PHASE_STRIP = NO;
				DEBUG_INFORMATION_FORMAT = "dwarf-with-dsym";
				ENABLE_NS_ASSERTIONS = NO;
				ENABLE_STRICT_OBJC_MSGSEND = YES;
				GCC_C_LANGUAGE_STANDARD = gnu99;
				GCC_NO_COMMON_BLOCKS = YES;
				GCC_WARN_64_TO_32_BIT_CONVERSION = YES;
				GCC_WARN_ABOUT_RETURN_TYPE = YES_ERROR;
				GCC_WARN_UNDECLARED_SELECTOR = YES;
				GCC_WARN_UNINITIALIZED_AUTOS = YES_AGGRESSIVE;
				GCC_WARN_UNUSED_FUNCTION = YES;
				GCC_WARN_UNUSED_VARIABLE = YES;
				IPHONEOS_DEPLOYMENT_TARGET = 10.2;
				MTL_ENABLE_DEBUG_INFO = NO;
				SDKROOT = iphoneos;
				VALIDATE_PRODUCT = YES;
			};
			name = Release;
		};
		5E16AC3F1E4CA94200036E87 /* Debug */ = {
			isa = XCBuildConfiguration;
			buildSettings = {
				ASSETCATALOG_COMPILER_APPICON_NAME = AppIcon;
				DEVELOPMENT_TEAM = D67XBEEN3L;
				INFOPLIST_FILE = "OMDbAPI-ObjC/Info.plist";
				LD_RUNPATH_SEARCH_PATHS = "$(inherited) @executable_path/Frameworks";
				PRODUCT_BUNDLE_IDENTIFIER = "com.MatheusFusco.OMDbAPI-ObjC";
				PRODUCT_NAME = "$(TARGET_NAME)";
			};
			name = Debug;
		};
		5E16AC401E4CA94200036E87 /* Release */ = {
			isa = XCBuildConfiguration;
			buildSettings = {
				ASSETCATALOG_COMPILER_APPICON_NAME = AppIcon;
				DEVELOPMENT_TEAM = D67XBEEN3L;
				INFOPLIST_FILE = "OMDbAPI-ObjC/Info.plist";
				LD_RUNPATH_SEARCH_PATHS = "$(inherited) @executable_path/Frameworks";
				PRODUCT_BUNDLE_IDENTIFIER = "com.MatheusFusco.OMDbAPI-ObjC";
				PRODUCT_NAME = "$(TARGET_NAME)";
			};
			name = Release;
		};
/* End XCBuildConfiguration section */

/* Begin XCConfigurationList section */
		5E16AC221E4CA94200036E87 /* Build configuration list for PBXProject "OMDbAPI-ObjC" */ = {
			isa = XCConfigurationList;
			buildConfigurations = (
				5E16AC3C1E4CA94200036E87 /* Debug */,
				5E16AC3D1E4CA94200036E87 /* Release */,
			);
			defaultConfigurationIsVisible = 0;
			defaultConfigurationName = Release;
		};
		5E16AC3E1E4CA94200036E87 /* Build configuration list for PBXNativeTarget "OMDbAPI-ObjC" */ = {
			isa = XCConfigurationList;
			buildConfigurations = (
				5E16AC3F1E4CA94200036E87 /* Debug */,
				5E16AC401E4CA94200036E87 /* Release */,
			);
			defaultConfigurationIsVisible = 0;
		};
/* End XCConfigurationList section */
	};
	rootObject = 5E16AC1F1E4CA94200036E87 /* Project object */;
}
