// !$*UTF8*$!
{
	archiveVersion = 1;
	classes = {
	};
	objectVersion = 46;
	objects = {

/* Begin PBXBuildFile section */
		5E0D6EA61E4DC98300E5986E /* APIManager.m in Sources */ = {isa = PBXBuildFile; fileRef = 5E0D6EA51E4DC98300E5986E /* APIManager.m */; };
		5E0D6EAA1E4DC9F700E5986E /* FilmModel.m in Sources */ = {isa = PBXBuildFile; fileRef = 5E0D6EA91E4DC9F700E5986E /* FilmModel.m */; };
		5E0D6EAD1E4DF72000E5986E /* FilmListViewController.m in Sources */ = {isa = PBXBuildFile; fileRef = 5E0D6EAC1E4DF72000E5986E /* FilmListViewController.m */; };
		5E0D6EB11E4DF74300E5986E /* FilmListService.m in Sources */ = {isa = PBXBuildFile; fileRef = 5E0D6EB01E4DF74300E5986E /* FilmListService.m */; };
		5E0D6EB41E4DF75C00E5986E /* FilmListModel.m in Sources */ = {isa = PBXBuildFile; fileRef = 5E0D6EB31E4DF75C00E5986E /* FilmListModel.m */; };
		5E0D6EB71E4DF77300E5986E /* FilmTableViewCell.m in Sources */ = {isa = PBXBuildFile; fileRef = 5E0D6EB61E4DF77300E5986E /* FilmTableViewCell.m */; };
		5E0D6EBA1E4DF7B700E5986E /* FilmDetailViewController.m in Sources */ = {isa = PBXBuildFile; fileRef = 5E0D6EB91E4DF7B700E5986E /* FilmDetailViewController.m */; };
		5E0D6EBE1E4DF7DA00E5986E /* FilmDetailService.m in Sources */ = {isa = PBXBuildFile; fileRef = 5E0D6EBD1E4DF7DA00E5986E /* FilmDetailService.m */; };
		5E0D6EC11E4DF7E900E5986E /* FilmDetailModel.m in Sources */ = {isa = PBXBuildFile; fileRef = 5E0D6EC01E4DF7E900E5986E /* FilmDetailModel.m */; };
		5E16AC2C1E4CA94200036E87 /* main.m in Sources */ = {isa = PBXBuildFile; fileRef = 5E16AC2B1E4CA94200036E87 /* main.m */; };
		5E16AC2F1E4CA94200036E87 /* AppDelegate.m in Sources */ = {isa = PBXBuildFile; fileRef = 5E16AC2E1E4CA94200036E87 /* AppDelegate.m */; };
		5E16AC351E4CA94200036E87 /* Main.storyboard in Resources */ = {isa = PBXBuildFile; fileRef = 5E16AC331E4CA94200036E87 /* Main.storyboard */; };
		5E16AC371E4CA94200036E87 /* Assets.xcassets in Resources */ = {isa = PBXBuildFile; fileRef = 5E16AC361E4CA94200036E87 /* Assets.xcassets */; };
		5E16AC3A1E4CA94200036E87 /* LaunchScreen.storyboard in Resources */ = {isa = PBXBuildFile; fileRef = 5E16AC381E4CA94200036E87 /* LaunchScreen.storyboard */; };
		5E85227F1E5257C0000A3F36 /* FilmRealm.m in Sources */ = {isa = PBXBuildFile; fileRef = 5E85227E1E5257C0000A3F36 /* FilmRealm.m */; };
		F7E105D21CDB340E489D4F9E /* libPods-OMDbAPI-ObjC.a in Frameworks */ = {isa = PBXBuildFile; fileRef = 7E26038B084A66259A1F072E /* libPods-OMDbAPI-ObjC.a */; };
/* End PBXBuildFile section */

/* Begin PBXFileReference section */
		4728220369B1E91A113ECBDD /* Pods-OMDbAPI-ObjC.release.xcconfig */ = {isa = PBXFileReference; includeInIndex = 1; lastKnownFileType = text.xcconfig; name = "Pods-OMDbAPI-ObjC.release.xcconfig"; path = "Pods/Target Support Files/Pods-OMDbAPI-ObjC/Pods-OMDbAPI-ObjC.release.xcconfig"; sourceTree = "<group>"; };
		5E0D6EA41E4DC98300E5986E /* APIManager.h */ = {isa = PBXFileReference; fileEncoding = 4; lastKnownFileType = sourcecode.c.h; path = APIManager.h; sourceTree = "<group>"; };
		5E0D6EA51E4DC98300E5986E /* APIManager.m */ = {isa = PBXFileReference; fileEncoding = 4; lastKnownFileType = sourcecode.c.objc; path = APIManager.m; sourceTree = "<group>"; };
		5E0D6EA81E4DC9F700E5986E /* FilmModel.h */ = {isa = PBXFileReference; fileEncoding = 4; lastKnownFileType = sourcecode.c.h; path = FilmModel.h; sourceTree = "<group>"; };
		5E0D6EA91E4DC9F700E5986E /* FilmModel.m */ = {isa = PBXFileReference; fileEncoding = 4; lastKnownFileType = sourcecode.c.objc; path = FilmModel.m; sourceTree = "<group>"; };
		5E0D6EAB1E4DF72000E5986E /* FilmListViewController.h */ = {isa = PBXFileReference; fileEncoding = 4; lastKnownFileType = sourcecode.c.h; path = FilmListViewController.h; sourceTree = "<group>"; };
		5E0D6EAC1E4DF72000E5986E /* FilmListViewController.m */ = {isa = PBXFileReference; fileEncoding = 4; lastKnownFileType = sourcecode.c.objc; path = FilmListViewController.m; sourceTree = "<group>"; };
		5E0D6EAF1E4DF74300E5986E /* FilmListService.h */ = {isa = PBXFileReference; fileEncoding = 4; lastKnownFileType = sourcecode.c.h; path = FilmListService.h; sourceTree = "<group>"; };
		5E0D6EB01E4DF74300E5986E /* FilmListService.m */ = {isa = PBXFileReference; fileEncoding = 4; lastKnownFileType = sourcecode.c.objc; path = FilmListService.m; sourceTree = "<group>"; };
		5E0D6EB21E4DF75C00E5986E /* FilmListModel.h */ = {isa = PBXFileReference; fileEncoding = 4; lastKnownFileType = sourcecode.c.h; path = FilmListModel.h; sourceTree = "<group>"; };
		5E0D6EB31E4DF75C00E5986E /* FilmListModel.m */ = {isa = PBXFileReference; fileEncoding = 4; lastKnownFileType = sourcecode.c.objc; path = FilmListModel.m; sourceTree = "<group>"; };
		5E0D6EB51E4DF77300E5986E /* FilmTableViewCell.h */ = {isa = PBXFileReference; fileEncoding = 4; lastKnownFileType = sourcecode.c.h; path = FilmTableViewCell.h; sourceTree = "<group>"; };
		5E0D6EB61E4DF77300E5986E /* FilmTableViewCell.m */ = {isa = PBXFileReference; fileEncoding = 4; lastKnownFileType = sourcecode.c.objc; path = FilmTableViewCell.m; sourceTree = "<group>"; };
		5E0D6EB81E4DF7B700E5986E /* FilmDetailViewController.h */ = {isa = PBXFileReference; fileEncoding = 4; lastKnownFileType = sourcecode.c.h; path = FilmDetailViewController.h; sourceTree = "<group>"; };
		5E0D6EB91E4DF7B700E5986E /* FilmDetailViewController.m */ = {isa = PBXFileReference; fileEncoding = 4; lastKnownFileType = sourcecode.c.objc; path = FilmDetailViewController.m; sourceTree = "<group>"; };
		5E0D6EBC1E4DF7DA00E5986E /* FilmDetailService.h */ = {isa = PBXFileReference; fileEncoding = 4; lastKnownFileType = sourcecode.c.h; path = FilmDetailService.h; sourceTree = "<group>"; };
		5E0D6EBD1E4DF7DA00E5986E /* FilmDetailService.m */ = {isa = PBXFileReference; fileEncoding = 4; lastKnownFileType = sourcecode.c.objc; path = FilmDetailService.m; sourceTree = "<group>"; };
		5E0D6EBF1E4DF7E900E5986E /* FilmDetailModel.h */ = {isa = PBXFileReference; fileEncoding = 4; lastKnownFileType = sourcecode.c.h; path = FilmDetailModel.h; sourceTree = "<group>"; };
		5E0D6EC01E4DF7E900E5986E /* FilmDetailModel.m */ = {isa = PBXFileReference; fileEncoding = 4; lastKnownFileType = sourcecode.c.objc; path = FilmDetailModel.m; sourceTree = "<group>"; };
		5E16AC271E4CA94200036E87 /* OMDbAPI-ObjC.app */ = {isa = PBXFileReference; explicitFileType = wrapper.application; includeInIndex = 0; path = "OMDbAPI-ObjC.app"; sourceTree = BUILT_PRODUCTS_DIR; };
		5E16AC2B1E4CA94200036E87 /* main.m */ = {isa = PBXFileReference; lastKnownFileType = sourcecode.c.objc; path = main.m; sourceTree = "<group>"; };
		5E16AC2D1E4CA94200036E87 /* AppDelegate.h */ = {isa = PBXFileReference; lastKnownFileType = sourcecode.c.h; path = AppDelegate.h; sourceTree = "<group>"; };
		5E16AC2E1E4CA94200036E87 /* AppDelegate.m */ = {isa = PBXFileReference; lastKnownFileType = sourcecode.c.objc; path = AppDelegate.m; sourceTree = "<group>"; };
		5E16AC341E4CA94200036E87 /* Base */ = {isa = PBXFileReference; lastKnownFileType = file.storyboard; name = Base; path = Base.lproj/Main.storyboard; sourceTree = "<group>"; };
		5E16AC361E4CA94200036E87 /* Assets.xcassets */ = {isa = PBXFileReference; lastKnownFileType = folder.assetcatalog; path = Assets.xcassets; sourceTree = "<group>"; };
		5E16AC391E4CA94200036E87 /* Base */ = {isa = PBXFileReference; lastKnownFileType = file.storyboard; name = Base; path = Base.lproj/LaunchScreen.storyboard; sourceTree = "<group>"; };
		5E16AC3B1E4CA94200036E87 /* Info.plist */ = {isa = PBXFileReference; lastKnownFileType = text.plist.xml; path = Info.plist; sourceTree = "<group>"; };
		5E85227D1E5257BF000A3F36 /* FilmRealm.h */ = {isa = PBXFileReference; fileEncoding = 4; lastKnownFileType = sourcecode.c.h; path = FilmRealm.h; sourceTree = "<group>"; };
		5E85227E1E5257C0000A3F36 /* FilmRealm.m */ = {isa = PBXFileReference; fileEncoding = 4; lastKnownFileType = sourcecode.c.objc; path = FilmRealm.m; sourceTree = "<group>"; };
		5EAD4D811E4E035600183F38 /* Constants.h */ = {isa = PBXFileReference; lastKnownFileType = sourcecode.c.h; path = Constants.h; sourceTree = "<group>"; };
		65165E78CB88914586EB8ED4 /* Pods-OMDbAPI-ObjC.debug.xcconfig */ = {isa = PBXFileReference; includeInIndex = 1; lastKnownFileType = text.xcconfig; name = "Pods-OMDbAPI-ObjC.debug.xcconfig"; path = "Pods/Target Support Files/Pods-OMDbAPI-ObjC/Pods-OMDbAPI-ObjC.debug.xcconfig"; sourceTree = "<group>"; };
		7E26038B084A66259A1F072E /* libPods-OMDbAPI-ObjC.a */ = {isa = PBXFileReference; explicitFileType = archive.ar; includeInIndex = 0; path = "libPods-OMDbAPI-ObjC.a"; sourceTree = BUILT_PRODUCTS_DIR; };
/* End PBXFileReference section */

/* Begin PBXFrameworksBuildPhase section */
		5E16AC241E4CA94200036E87 /* Frameworks */ = {
			isa = PBXFrameworksBuildPhase;
			buildActionMask = 2147483647;
			files = (
				F7E105D21CDB340E489D4F9E /* libPods-OMDbAPI-ObjC.a in Frameworks */,
			);
			runOnlyForDeploymentPostprocessing = 0;
		};
/* End PBXFrameworksBuildPhase section */

/* Begin PBXGroup section */
		5E0D6EA01E4CEDC700E5986E /* Manager */ = {
			isa = PBXGroup;
			children = (
				5EAD4D811E4E035600183F38 /* Constants.h */,
				5E0D6EA41E4DC98300E5986E /* APIManager.h */,
				5E0D6EA51E4DC98300E5986E /* APIManager.m */,
			);
			name = Manager;
			sourceTree = "<group>";
		};
		5E0D6EA71E4DC9D100E5986E /* Models */ = {
			isa = PBXGroup;
			children = (
				5E0D6EA81E4DC9F700E5986E /* FilmModel.h */,
				5E0D6EA91E4DC9F700E5986E /* FilmModel.m */,
				5E85227D1E5257BF000A3F36 /* FilmRealm.h */,
				5E85227E1E5257C0000A3F36 /* FilmRealm.m */,
			);
			name = Models;
			sourceTree = "<group>";
		};
		5E0D6EAE1E4DF72A00E5986E /* FilmList */ = {
			isa = PBXGroup;
			children = (
				5E0D6EAB1E4DF72000E5986E /* FilmListViewController.h */,
				5E0D6EAC1E4DF72000E5986E /* FilmListViewController.m */,
				5E0D6EAF1E4DF74300E5986E /* FilmListService.h */,
				5E0D6EB01E4DF74300E5986E /* FilmListService.m */,
				5E0D6EB21E4DF75C00E5986E /* FilmListModel.h */,
				5E0D6EB31E4DF75C00E5986E /* FilmListModel.m */,
				5E0D6EB51E4DF77300E5986E /* FilmTableViewCell.h */,
				5E0D6EB61E4DF77300E5986E /* FilmTableViewCell.m */,
			);
			name = FilmList;
			sourceTree = "<group>";
		};
		5E0D6EBB1E4DF7BF00E5986E /* FilmDetail */ = {
			isa = PBXGroup;
			children = (
				5E0D6EB81E4DF7B700E5986E /* FilmDetailViewController.h */,
				5E0D6EB91E4DF7B700E5986E /* FilmDetailViewController.m */,
				5E0D6EBC1E4DF7DA00E5986E /* FilmDetailService.h */,
				5E0D6EBD1E4DF7DA00E5986E /* FilmDetailService.m */,
				5E0D6EBF1E4DF7E900E5986E /* FilmDetailModel.h */,
				5E0D6EC01E4DF7E900E5986E /* FilmDetailModel.m */,
			);
			name = FilmDetail;
			sourceTree = "<group>";
		};
		5E16AC1E1E4CA94200036E87 = {
			isa = PBXGroup;
			children = (
				5E16AC291E4CA94200036E87 /* OMDbAPI-ObjC */,
				5E16AC281E4CA94200036E87 /* Products */,
				A51A417876F792252B78C887 /* Pods */,
				9F4D685F891B37D537758CA7 /* Frameworks */,
			);
			sourceTree = "<group>";
		};
		5E16AC281E4CA94200036E87 /* Products */ = {
			isa = PBXGroup;
			children = (
				5E16AC271E4CA94200036E87 /* OMDbAPI-ObjC.app */,
			);
			name = Products;
			sourceTree = "<group>";
		};
		5E16AC291E4CA94200036E87 /* OMDbAPI-ObjC */ = {
			isa = PBXGroup;
			children = (
				5E16AC2D1E4CA94200036E87 /* AppDelegate.h */,
				5E16AC2E1E4CA94200036E87 /* AppDelegate.m */,
				5E0D6EA01E4CEDC700E5986E /* Manager */,
				5E0D6EAE1E4DF72A00E5986E /* FilmList */,
				5E0D6EBB1E4DF7BF00E5986E /* FilmDetail */,
				5E0D6EA71E4DC9D100E5986E /* Models */,
				5E16AC331E4CA94200036E87 /* Main.storyboard */,
				5E16AC381E4CA94200036E87 /* LaunchScreen.storyboard */,
				5E16AC361E4CA94200036E87 /* Assets.xcassets */,
				5E16AC3B1E4CA94200036E87 /* Info.plist */,
				5E16AC2A1E4CA94200036E87 /* Supporting Files */,
			);
			path = "OMDbAPI-ObjC";
			sourceTree = "<group>";
		};
		5E16AC2A1E4CA94200036E87 /* Supporting Files */ = {
			isa = PBXGroup;
			children = (
				5E16AC2B1E4CA94200036E87 /* main.m */,
			);
			name = "Supporting Files";
			sourceTree = "<group>";
		};
		9F4D685F891B37D537758CA7 /* Frameworks */ = {
			isa = PBXGroup;
			children = (
				7E26038B084A66259A1F072E /* libPods-OMDbAPI-ObjC.a */,
			);
			name = Frameworks;
			sourceTree = "<group>";
		};
		A51A417876F792252B78C887 /* Pods */ = {
			isa = PBXGroup;
			children = (
				65165E78CB88914586EB8ED4 /* Pods-OMDbAPI-ObjC.debug.xcconfig */,
				4728220369B1E91A113ECBDD /* Pods-OMDbAPI-ObjC.release.xcconfig */,
			);
			name = Pods;
			sourceTree = "<group>";
		};
/* End PBXGroup section */

/* Begin PBXNativeTarget section */
		5E16AC261E4CA94200036E87 /* OMDbAPI-ObjC */ = {
			isa = PBXNativeTarget;
			buildConfigurationList = 5E16AC3E1E4CA94200036E87 /* Build configuration list for PBXNativeTarget "OMDbAPI-ObjC" */;
			buildPhases = (
				F2C2D8CA5DCD963D1F72D7A3 /* [CP] Check Pods Manifest.lock */,
				5E16AC231E4CA94200036E87 /* Sources */,
				5E16AC241E4CA94200036E87 /* Frameworks */,
				5E16AC251E4CA94200036E87 /* Resources */,
				FA49375508D155A72A3487CD /* [CP] Embed Pods Frameworks */,
				57EAE39891F60ADA477987A6 /* [CP] Copy Pods Resources */,
			);
			buildRules = (
			);
			dependencies = (
			);
			name = "OMDbAPI-ObjC";
			productName = "OMDbAPI-ObjC";
			productReference = 5E16AC271E4CA94200036E87 /* OMDbAPI-ObjC.app */;
			productType = "com.apple.product-type.application";
		};
/* End PBXNativeTarget section */

/* Begin PBXProject section */
		5E16AC1F1E4CA94200036E87 /* Project object */ = {
			isa = PBXProject;
			attributes = {
				LastUpgradeCheck = 0820;
				ORGANIZATIONNAME = MatheusFusco;
				TargetAttributes = {
					5E16AC261E4CA94200036E87 = {
						CreatedOnToolsVersion = 8.2.1;
						DevelopmentTeam = D67XBEEN3L;
						ProvisioningStyle = Automatic;
					};
				};
			};
			buildConfigurationList = 5E16AC221E4CA94200036E87 /* Build configuration list for PBXProject "OMDbAPI-ObjC" */;
			compatibilityVersion = "Xcode 3.2";
			developmentRegion = English;
			hasScannedForEncodings = 0;
			knownRegions = (
				en,
				Base,
			);
			mainGroup = 5E16AC1E1E4CA94200036E87;
			productRefGroup = 5E16AC281E4CA94200036E87 /* Products */;
			projectDirPath = "";
			projectRoot = "";
			targets = (
				5E16AC261E4CA94200036E87 /* OMDbAPI-ObjC */,
			);
		};
/* End PBXProject section */

/* Begin PBXResourcesBuildPhase section */
		5E16AC251E4CA94200036E87 /* Resources */ = {
			isa = PBXResourcesBuildPhase;
			buildActionMask = 2147483647;
			files = (
				5E16AC3A1E4CA94200036E87 /* LaunchScreen.storyboard in Resources */,
				5E16AC371E4CA94200036E87 /* Assets.xcassets in Resources */,
				5E16AC351E4CA94200036E87 /* Main.storyboard in Resources */,
			);
			runOnlyForDeploymentPostprocessing = 0;
		};
/* End PBXResourcesBuildPhase section */

/* Begin PBXShellScriptBuildPhase section */
		57EAE39891F60ADA477987A6 /* [CP] Copy Pods Resources */ = {
			isa = PBXShellScriptBuildPhase;
			buildActionMask = 2147483647;
			files = (
			);
			inputPaths = (
			);
			name = "[CP] Copy Pods Resources";
			outputPaths = (
			);
			runOnlyForDeploymentPostprocessing = 0;
			shellPath = /bin/sh;
			shellScript = "\"${SRCROOT}/Pods/Target Support Files/Pods-OMDbAPI-ObjC/Pods-OMDbAPI-ObjC-resources.sh\"\n";
			showEnvVarsInLog = 0;
		};
		F2C2D8CA5DCD963D1F72D7A3 /* [CP] Check Pods Manifest.lock */ = {
			isa = PBXShellScriptBuildPhase;
			buildActionMask = 2147483647;
			files = (
			);
			inputPaths = (
			);
			name = "[CP] Check Pods Manifest.lock";
			outputPaths = (
			);
			runOnlyForDeploymentPostprocessing = 0;
			shellPath = /bin/sh;
			shellScript = "diff \"${PODS_ROOT}/../Podfile.lock\" \"${PODS_ROOT}/Manifest.lock\" > /dev/null\nif [[ $? != 0 ]] ; then\n    cat << EOM\nerror: The sandbox is not in sync with the Podfile.lock. Run 'pod install' or update your CocoaPods installation.\nEOM\n    exit 1\nfi\n";
			showEnvVarsInLog = 0;
		};
		FA49375508D155A72A3487CD /* [CP] Embed Pods Frameworks */ = {
			isa = PBXShellScriptBuildPhase;
			buildActionMask = 2147483647;
			files = (
			);
			inputPaths = (
			);
			name = "[CP] Embed Pods Frameworks";
			outputPaths = (
			);
			runOnlyForDeploymentPostprocessing = 0;
			shellPath = /bin/sh;
			shellScript = "\"${SRCROOT}/Pods/Target Support Files/Pods-OMDbAPI-ObjC/Pods-OMDbAPI-ObjC-frameworks.sh\"\n";
			showEnvVarsInLog = 0;
		};
/* End PBXShellScriptBuildPhase section */

/* Begin PBXSourcesBuildPhase section */
		5E16AC231E4CA94200036E87 /* Sources */ = {
			isa = PBXSourcesBuildPhase;
			buildActionMask = 2147483647;
			files = (
				5E0D6EAD1E4DF72000E5986E /* FilmListViewController.m in Sources */,
				5E16AC2F1E4CA94200036E87 /* AppDelegate.m in Sources */,
				5E0D6EBA1E4DF7B700E5986E /* FilmDetailViewController.m in Sources */,
				5E0D6EC11E4DF7E900E5986E /* FilmDetailModel.m in Sources */,
				5E16AC2C1E4CA94200036E87 /* main.m in Sources */,
				5E0D6EA61E4DC98300E5986E /* APIManager.m in Sources */,
				5E0D6EB11E4DF74300E5986E /* FilmListService.m in Sources */,
				5E0D6EAA1E4DC9F700E5986E /* FilmModel.m in Sources */,
				5E0D6EBE1E4DF7DA00E5986E /* FilmDetailService.m in Sources */,
				5E0D6EB71E4DF77300E5986E /* FilmTableViewCell.m in Sources */,
				5E85227F1E5257C0000A3F36 /* FilmRealm.m in Sources */,
				5E0D6EB41E4DF75C00E5986E /* FilmListModel.m in Sources */,
			);
			runOnlyForDeploymentPostprocessing = 0;
		};
/* End PBXSourcesBuildPhase section */

/* Begin PBXVariantGroup section */
		5E16AC331E4CA94200036E87 /* Main.storyboard */ = {
			isa = PBXVariantGroup;
			children = (
				5E16AC341E4CA94200036E87 /* Base */,
			);
			name = Main.storyboard;
			sourceTree = "<group>";
		};
		5E16AC381E4CA94200036E87 /* LaunchScreen.storyboard */ = {
			isa = PBXVariantGroup;
			children = (
				5E16AC391E4CA94200036E87 /* Base */,
			);
			name = LaunchScreen.storyboard;
			sourceTree = "<group>";
		};
/* End PBXVariantGroup section */

/* Begin XCBuildConfiguration section */
		5E16AC3C1E4CA94200036E87 /* Debug */ = {
			isa = XCBuildConfiguration;
			buildSettings = {
				ALWAYS_SEARCH_USER_PATHS = NO;
				CLANG_ANALYZER_NONNULL = YES;
				CLANG_CXX_LANGUAGE_STANDARD = "gnu++0x";
				CLANG_CXX_LIBRARY = "libc++";
				CLANG_ENABLE_MODULES = YES;
				CLANG_ENABLE_OBJC_ARC = YES;
				CLANG_WARN_BOOL_CONVERSION = YES;
				CLANG_WARN_CONSTANT_CONVERSION = YES;
				CLANG_WARN_DIRECT_OBJC_ISA_USAGE = YES_ERROR;
				CLANG_WARN_DOCUMENTATION_COMMENTS = YES;
				CLANG_WARN_EMPTY_BODY = YES;
				CLANG_WARN_ENUM_CONVERSION = YES;
				CLANG_WARN_INFINITE_RECURSION = YES;
				CLANG_WARN_INT_CONVERSION = YES;
				CLANG_WARN_OBJC_ROOT_CLASS = YES_ERROR;
				CLANG_WARN_SUSPICIOUS_MOVE = YES;
				CLANG_WARN_UNREACHABLE_CODE = YES;
				CLANG_WARN__DUPLICATE_METHOD_MATCH = YES;
				"CODE_SIGN_IDENTITY[sdk=iphoneos*]" = "iPhone Developer";
				COPY_PHASE_STRIP = NO;
				DEBUG_INFORMATION_FORMAT = dwarf;
				ENABLE_STRICT_OBJC_MSGSEND = YES;
				ENABLE_TESTABILITY = YES;
				GCC_C_LANGUAGE_STANDARD = gnu99;
				GCC_DYNAMIC_NO_PIC = NO;
				GCC_NO_COMMON_BLOCKS = YES;
				GCC_OPTIMIZATION_LEVEL = 0;
				GCC_PREPROCESSOR_DEFINITIONS = (
					"DEBUG=1",
					"$(inherited)",
				);
				GCC_WARN_64_TO_32_BIT_CONVERSION = YES;
				GCC_WARN_ABOUT_RETURN_TYPE = YES_ERROR;
				GCC_WARN_UNDECLARED_SELECTOR = YES;
				GCC_WARN_UNINITIALIZED_AUTOS = YES_AGGRESSIVE;
				GCC_WARN_UNUSED_FUNCTION = YES;
				GCC_WARN_UNUSED_VARIABLE = YES;
				IPHONEOS_DEPLOYMENT_TARGET = 10.2;
				MTL_ENABLE_DEBUG_INFO = YES;
				ONLY_ACTIVE_ARCH = YES;
				SDKROOT = iphoneos;
			};
			name = Debug;
		};
		5E16AC3D1E4CA94200036E87 /* Release */ = {
			isa = XCBuildConfiguration;
			buildSettings = {
				ALWAYS_SEARCH_USER_PATHS = NO;
				CLANG_ANALYZER_NONNULL = YES;
				CLANG_CXX_LANGUAGE_STANDARD = "gnu++0x";
				CLANG_CXX_LIBRARY = "libc++";
				CLANG_ENABLE_MODULES = YES;
				CLANG_ENABLE_OBJC_ARC = YES;
				CLANG_WARN_BOOL_CONVERSION = YES;
				CLANG_WARN_CONSTANT_CONVERSION = YES;
				CLANG_WARN_DIRECT_OBJC_ISA_USAGE = YES_ERROR;
				CLANG_WARN_DOCUMENTATION_COMMENTS = YES;
				CLANG_WARN_EMPTY_BODY = YES;
				CLANG_WARN_ENUM_CONVERSION = YES;
				CLANG_WARN_INFINITE_RECURSION = YES;
				CLANG_WARN_INT_CONVERSION = YES;
				CLANG_WARN_OBJC_ROOT_CLASS = YES_ERROR;
				CLANG_WARN_SUSPICIOUS_MOVE = YES;
				CLANG_WARN_UNREACHABLE_CODE = YES;
				CLANG_WARN__DUPLICATE_METHOD_MATCH = YES;
				"CODE_SIGN_IDENTITY[sdk=iphoneos*]" = "iPhone Developer";
				COPY_PHASE_STRIP = NO;
				DEBUG_INFORMATION_FORMAT = "dwarf-with-dsym";
				ENABLE_NS_ASSERTIONS = NO;
				ENABLE_STRICT_OBJC_MSGSEND = YES;
				GCC_C_LANGUAGE_STANDARD = gnu99;
				GCC_NO_COMMON_BLOCKS = YES;
				GCC_WARN_64_TO_32_BIT_CONVERSION = YES;
				GCC_WARN_ABOUT_RETURN_TYPE = YES_ERROR;
				GCC_WARN_UNDECLARED_SELECTOR = YES;
				GCC_WARN_UNINITIALIZED_AUTOS = YES_AGGRESSIVE;
				GCC_WARN_UNUSED_FUNCTION = YES;
				GCC_WARN_UNUSED_VARIABLE = YES;
				IPHONEOS_DEPLOYMENT_TARGET = 10.2;
				MTL_ENABLE_DEBUG_INFO = NO;
				SDKROOT = iphoneos;
				VALIDATE_PRODUCT = YES;
			};
			name = Release;
		};
		5E16AC3F1E4CA94200036E87 /* Debug */ = {
			isa = XCBuildConfiguration;
			baseConfigurationReference = 65165E78CB88914586EB8ED4 /* Pods-OMDbAPI-ObjC.debug.xcconfig */;
			buildSettings = {
				ASSETCATALOG_COMPILER_APPICON_NAME = AppIcon;
				DEVELOPMENT_TEAM = D67XBEEN3L;
				INFOPLIST_FILE = "OMDbAPI-ObjC/Info.plist";
				LD_RUNPATH_SEARCH_PATHS = "$(inherited) @executable_path/Frameworks";
				PRODUCT_BUNDLE_IDENTIFIER = "com.MatheusFusco.OMDbAPI-ObjC";
				PRODUCT_NAME = "$(TARGET_NAME)";
			};
			name = Debug;
		};
		5E16AC401E4CA94200036E87 /* Release */ = {
			isa = XCBuildConfiguration;
			baseConfigurationReference = 4728220369B1E91A113ECBDD /* Pods-OMDbAPI-ObjC.release.xcconfig */;
			buildSettings = {
				ASSETCATALOG_COMPILER_APPICON_NAME = AppIcon;
				DEVELOPMENT_TEAM = D67XBEEN3L;
				INFOPLIST_FILE = "OMDbAPI-ObjC/Info.plist";
				LD_RUNPATH_SEARCH_PATHS = "$(inherited) @executable_path/Frameworks";
				PRODUCT_BUNDLE_IDENTIFIER = "com.MatheusFusco.OMDbAPI-ObjC";
				PRODUCT_NAME = "$(TARGET_NAME)";
			};
			name = Release;
		};
/* End XCBuildConfiguration section */

/* Begin XCConfigurationList section */
		5E16AC221E4CA94200036E87 /* Build configuration list for PBXProject "OMDbAPI-ObjC" */ = {
			isa = XCConfigurationList;
			buildConfigurations = (
				5E16AC3C1E4CA94200036E87 /* Debug */,
				5E16AC3D1E4CA94200036E87 /* Release */,
			);
			defaultConfigurationIsVisible = 0;
			defaultConfigurationName = Release;
		};
		5E16AC3E1E4CA94200036E87 /* Build configuration list for PBXNativeTarget "OMDbAPI-ObjC" */ = {
			isa = XCConfigurationList;
			buildConfigurations = (
				5E16AC3F1E4CA94200036E87 /* Debug */,
				5E16AC401E4CA94200036E87 /* Release */,
			);
			defaultConfigurationIsVisible = 0;
			defaultConfigurationName = Release;
		};
/* End XCConfigurationList section */
	};
	rootObject = 5E16AC1F1E4CA94200036E87 /* Project object */;
}
